Microsoft Visual Studio Solution File, Format Version 12.00
# Visual Studio 15
VisualStudioVersion = 15.0.28307.421
MinimumVisualStudioVersion = 10.0.40219.1
Project("{9A19103F-16F7-4668-BE54-9A1E7A4F7556}") = "Kernel", "MessageManager\Kernel.csproj", "{F254A4AC-1629-4364-AEE8-2A7A89B95E05}"
EndProject
Project("{9A19103F-16F7-4668-BE54-9A1E7A4F7556}") = "MonitorService", "MonitorService\MonitorService.csproj", "{2EF6D79B-02E7-4275-B89A-E97D158EA1F5}"
EndProject
Project("{9A19103F-16F7-4668-BE54-9A1E7A4F7556}") = "MonitorRoot", "MonitorRoot\MonitorRoot.csproj", "{30488DE3-DA57-499E-91A2-A4210BAA1EF9}"
EndProject
Global
	GlobalSection(SolutionConfigurationPlatforms) = preSolution
		Debug|Any CPU = Debug|Any CPU
		Release|Any CPU = Release|Any CPU
	EndGlobalSection
	GlobalSection(ProjectConfigurationPlatforms) = postSolution
		{F254A4AC-1629-4364-AEE8-2A7A89B95E05}.Debug|Any CPU.ActiveCfg = Debug|Any CPU
		{F254A4AC-1629-4364-AEE8-2A7A89B95E05}.Debug|Any CPU.Build.0 = Debug|Any CPU
		{F254A4AC-1629-4364-AEE8-2A7A89B95E05}.Release|Any CPU.ActiveCfg = Release|Any CPU
		{F254A4AC-1629-4364-AEE8-2A7A89B95E05}.Release|Any CPU.Build.0 = Release|Any CPU
		{2EF6D79B-02E7-4275-B89A-E97D158EA1F5}.Debug|Any CPU.ActiveCfg = Debug|Any CPU
		{2EF6D79B-02E7-4275-B89A-E97D158EA1F5}.Debug|Any CPU.Build.0 = Debug|Any CPU
		{2EF6D79B-02E7-4275-B89A-E97D158EA1F5}.Release|Any CPU.ActiveCfg = Release|Any CPU
		{2EF6D79B-02E7-4275-B89A-E97D158EA1F5}.Release|Any CPU.Build.0 = Release|Any CPU
		{30488DE3-DA57-499E-91A2-A4210BAA1EF9}.Debug|Any CPU.ActiveCfg = Debug|Any CPU
		{30488DE3-DA57-499E-91A2-A4210BAA1EF9}.Debug|Any CPU.Build.0 = Debug|Any CPU
		{30488DE3-DA57-499E-91A2-A4210BAA1EF9}.Release|Any CPU.ActiveCfg = Release|Any CPU
		{30488DE3-DA57-499E-91A2-A4210BAA1EF9}.Release|Any CPU.Build.0 = Release|Any CPU
	EndGlobalSection
	GlobalSection(SolutionProperties) = preSolution
		HideSolutionNode = FALSE
	EndGlobalSection
	GlobalSection(ExtensibilityGlobals) = postSolution
		SolutionGuid = {D9360979-985C-4F0D-A253-8774704131DD}
	EndGlobalSection
EndGlobal
